
Microsoft Visual Studio Solution File, Format Version 12.00
# Visual Studio Version 16
VisualStudioVersion = 16.0.30330.147
MinimumVisualStudioVersion = 10.0.40219.1
Project("{FAE04EC0-301F-11D3-BF4B-00C04F79EFBC}") = "string-comparison", "string-comparison\string-comparison.csproj", "{6024E44F-164C-439F-BCD6-1F89507D6931}"
EndProject
Global
	GlobalSection(SolutionConfigurationPlatforms) = preSolution
		Debug|Any CPU = Debug|Any CPU
		Release|Any CPU = Release|Any CPU
	EndGlobalSection
	GlobalSection(ProjectConfigurationPlatforms) = postSolution
		{6024E44F-164C-439F-BCD6-1F89507D6931}.Debug|Any CPU.ActiveCfg = Debug|Any CPU
		{6024E44F-164C-439F-BCD6-1F89507D6931}.Debug|Any CPU.Build.0 = Debug|Any CPU
		{6024E44F-164C-439F-BCD6-1F89507D6931}.Release|Any CPU.ActiveCfg = Release|Any CPU
		{6024E44F-164C-439F-BCD6-1F89507D6931}.Release|Any CPU.Build.0 = Release|Any CPU
	EndGlobalSection
	GlobalSection(SolutionProperties) = preSolution
		HideSolutionNode = FALSE
	EndGlobalSection
	GlobalSection(ExtensibilityGlobals) = postSolution
		SolutionGuid = {A44C667B-B256-4AE4-9898-D5C5B28AF194}
	EndGlobalSection
EndGlobal
